// !$*UTF8*$!
{
	archiveVersion = 1;
	classes = {
	};
	objectVersion = 55;
	objects = {

/* Begin PBXBuildFile section */
		348A56522879918E00B37DB3 /* AppDelegate.swift in Sources */ = {isa = PBXBuildFile; fileRef = 348A56512879918E00B37DB3 /* AppDelegate.swift */; };
		348A56542879918E00B37DB3 /* SceneDelegate.swift in Sources */ = {isa = PBXBuildFile; fileRef = 348A56532879918E00B37DB3 /* SceneDelegate.swift */; };
		348A56562879918E00B37DB3 /* HomeViewController.swift in Sources */ = {isa = PBXBuildFile; fileRef = 348A56552879918E00B37DB3 /* HomeViewController.swift */; };
		348A56592879918E00B37DB3 /* Main.storyboard in Resources */ = {isa = PBXBuildFile; fileRef = 348A56572879918E00B37DB3 /* Main.storyboard */; };
		348A565B2879919100B37DB3 /* Assets.xcassets in Resources */ = {isa = PBXBuildFile; fileRef = 348A565A2879919100B37DB3 /* Assets.xcassets */; };
		348A565E2879919100B37DB3 /* LaunchScreen.storyboard in Resources */ = {isa = PBXBuildFile; fileRef = 348A565C2879919100B37DB3 /* LaunchScreen.storyboard */; };
		348A56692879919100B37DB3 /* APICallSampleTestTests.swift in Sources */ = {isa = PBXBuildFile; fileRef = 348A56682879919100B37DB3 /* APICallSampleTestTests.swift */; };
		348A56732879919100B37DB3 /* APICallSampleTestUITests.swift in Sources */ = {isa = PBXBuildFile; fileRef = 348A56722879919100B37DB3 /* APICallSampleTestUITests.swift */; };
		348A56752879919100B37DB3 /* APICallSampleTestUITestsLaunchTests.swift in Sources */ = {isa = PBXBuildFile; fileRef = 348A56742879919100B37DB3 /* APICallSampleTestUITestsLaunchTests.swift */; };
		348A56822879936E00B37DB3 /* Model.swift in Sources */ = {isa = PBXBuildFile; fileRef = 348A56812879936E00B37DB3 /* Model.swift */; };
		348A56842879943800B37DB3 /* APICallViewModel.swift in Sources */ = {isa = PBXBuildFile; fileRef = 348A56832879943800B37DB3 /* APICallViewModel.swift */; };
		348A5686287A1EC300B37DB3 /* Constant.swift in Sources */ = {isa = PBXBuildFile; fileRef = 348A5685287A1EC300B37DB3 /* Constant.swift */; };
		348A5688287A1FAA00B37DB3 /* ServiceManager.swift in Sources */ = {isa = PBXBuildFile; fileRef = 348A5687287A1FAA00B37DB3 /* ServiceManager.swift */; };
		348A568A287A201900B37DB3 /* HTTPEroor.swift in Sources */ = {isa = PBXBuildFile; fileRef = 348A5689287A201900B37DB3 /* HTTPEroor.swift */; };
		348A568C287A20A200B37DB3 /* APIManager.swift in Sources */ = {isa = PBXBuildFile; fileRef = 348A568B287A20A200B37DB3 /* APIManager.swift */; };
		348A568E287A218100B37DB3 /* APITransactionViewModel.swift in Sources */ = {isa = PBXBuildFile; fileRef = 348A568D287A218100B37DB3 /* APITransactionViewModel.swift */; };
		348A5690287A244700B37DB3 /* TransactionTableViewCell.xib in Resources */ = {isa = PBXBuildFile; fileRef = 348A568F287A244700B37DB3 /* TransactionTableViewCell.xib */; };
		348A5692287A245F00B37DB3 /* TransactionTableViewCell.swift in Sources */ = {isa = PBXBuildFile; fileRef = 348A5691287A245F00B37DB3 /* TransactionTableViewCell.swift */; };
		348A5694287A2AB400B37DB3 /* UITableView+Extension.swift in Sources */ = {isa = PBXBuildFile; fileRef = 348A5693287A2AB400B37DB3 /* UITableView+Extension.swift */; };
/* End PBXBuildFile section */

/* Begin PBXContainerItemProxy section */
		348A56652879919100B37DB3 /* PBXContainerItemProxy */ = {
			isa = PBXContainerItemProxy;
			containerPortal = 348A56462879918E00B37DB3 /* Project object */;
			proxyType = 1;
			remoteGlobalIDString = 348A564D2879918E00B37DB3;
			remoteInfo = APICallSampleTest;
		};
		348A566F2879919100B37DB3 /* PBXContainerItemProxy */ = {
			isa = PBXContainerItemProxy;
			containerPortal = 348A56462879918E00B37DB3 /* Project object */;
			proxyType = 1;
			remoteGlobalIDString = 348A564D2879918E00B37DB3;
			remoteInfo = APICallSampleTest;
		};
/* End PBXContainerItemProxy section */

/* Begin PBXFileReference section */
		348A564E2879918E00B37DB3 /* APICallSampleTest.app */ = {isa = PBXFileReference; explicitFileType = wrapper.application; includeInIndex = 0; path = APICallSampleTest.app; sourceTree = BUILT_PRODUCTS_DIR; };
		348A56512879918E00B37DB3 /* AppDelegate.swift */ = {isa = PBXFileReference; lastKnownFileType = sourcecode.swift; path = AppDelegate.swift; sourceTree = "<group>"; };
		348A56532879918E00B37DB3 /* SceneDelegate.swift */ = {isa = PBXFileReference; lastKnownFileType = sourcecode.swift; path = SceneDelegate.swift; sourceTree = "<group>"; };
		348A56552879918E00B37DB3 /* HomeViewController.swift */ = {isa = PBXFileReference; lastKnownFileType = sourcecode.swift; path = HomeViewController.swift; sourceTree = "<group>"; };
		348A56582879918E00B37DB3 /* Base */ = {isa = PBXFileReference; lastKnownFileType = file.storyboard; name = Base; path = Base.lproj/Main.storyboard; sourceTree = "<group>"; };
		348A565A2879919100B37DB3 /* Assets.xcassets */ = {isa = PBXFileReference; lastKnownFileType = folder.assetcatalog; path = Assets.xcassets; sourceTree = "<group>"; };
		348A565D2879919100B37DB3 /* Base */ = {isa = PBXFileReference; lastKnownFileType = file.storyboard; name = Base; path = Base.lproj/LaunchScreen.storyboard; sourceTree = "<group>"; };
		348A565F2879919100B37DB3 /* Info.plist */ = {isa = PBXFileReference; lastKnownFileType = text.plist.xml; path = Info.plist; sourceTree = "<group>"; };
		348A56642879919100B37DB3 /* APICallSampleTestTests.xctest */ = {isa = PBXFileReference; explicitFileType = wrapper.cfbundle; includeInIndex = 0; path = APICallSampleTestTests.xctest; sourceTree = BUILT_PRODUCTS_DIR; };
		348A56682879919100B37DB3 /* APICallSampleTestTests.swift */ = {isa = PBXFileReference; lastKnownFileType = sourcecode.swift; path = APICallSampleTestTests.swift; sourceTree = "<group>"; };
		348A566E2879919100B37DB3 /* APICallSampleTestUITests.xctest */ = {isa = PBXFileReference; explicitFileType = wrapper.cfbundle; includeInIndex = 0; path = APICallSampleTestUITests.xctest; sourceTree = BUILT_PRODUCTS_DIR; };
		348A56722879919100B37DB3 /* APICallSampleTestUITests.swift */ = {isa = PBXFileReference; lastKnownFileType = sourcecode.swift; path = APICallSampleTestUITests.swift; sourceTree = "<group>"; };
		348A56742879919100B37DB3 /* APICallSampleTestUITestsLaunchTests.swift */ = {isa = PBXFileReference; lastKnownFileType = sourcecode.swift; path = APICallSampleTestUITestsLaunchTests.swift; sourceTree = "<group>"; };
		348A56812879936E00B37DB3 /* Model.swift */ = {isa = PBXFileReference; lastKnownFileType = sourcecode.swift; path = Model.swift; sourceTree = "<group>"; };
		348A56832879943800B37DB3 /* APICallViewModel.swift */ = {isa = PBXFileReference; lastKnownFileType = sourcecode.swift; path = APICallViewModel.swift; sourceTree = "<group>"; };
		348A5685287A1EC300B37DB3 /* Constant.swift */ = {isa = PBXFileReference; lastKnownFileType = sourcecode.swift; path = Constant.swift; sourceTree = "<group>"; };
		348A5687287A1FAA00B37DB3 /* ServiceManager.swift */ = {isa = PBXFileReference; lastKnownFileType = sourcecode.swift; path = ServiceManager.swift; sourceTree = "<group>"; };
		348A5689287A201900B37DB3 /* HTTPEroor.swift */ = {isa = PBXFileReference; lastKnownFileType = sourcecode.swift; path = HTTPEroor.swift; sourceTree = "<group>"; };
		348A568B287A20A200B37DB3 /* APIManager.swift */ = {isa = PBXFileReference; lastKnownFileType = sourcecode.swift; path = APIManager.swift; sourceTree = "<group>"; };
		348A568D287A218100B37DB3 /* APITransactionViewModel.swift */ = {isa = PBXFileReference; lastKnownFileType = sourcecode.swift; path = APITransactionViewModel.swift; sourceTree = "<group>"; };
		348A568F287A244700B37DB3 /* TransactionTableViewCell.xib */ = {isa = PBXFileReference; lastKnownFileType = file.xib; path = TransactionTableViewCell.xib; sourceTree = "<group>"; };
		348A5691287A245F00B37DB3 /* TransactionTableViewCell.swift */ = {isa = PBXFileReference; lastKnownFileType = sourcecode.swift; path = TransactionTableViewCell.swift; sourceTree = "<group>"; };
		348A5693287A2AB400B37DB3 /* UITableView+Extension.swift */ = {isa = PBXFileReference; lastKnownFileType = sourcecode.swift; path = "UITableView+Extension.swift"; sourceTree = "<group>"; };
/* End PBXFileReference section */

/* Begin PBXFrameworksBuildPhase section */
		348A564B2879918E00B37DB3 /* Frameworks */ = {
			isa = PBXFrameworksBuildPhase;
			buildActionMask = 2147483647;
			files = (
			);
			runOnlyForDeploymentPostprocessing = 0;
		};
		348A56612879919100B37DB3 /* Frameworks */ = {
			isa = PBXFrameworksBuildPhase;
			buildActionMask = 2147483647;
			files = (
			);
			runOnlyForDeploymentPostprocessing = 0;
		};
		348A566B2879919100B37DB3 /* Frameworks */ = {
			isa = PBXFrameworksBuildPhase;
			buildActionMask = 2147483647;
			files = (
			);
			runOnlyForDeploymentPostprocessing = 0;
		};
/* End PBXFrameworksBuildPhase section */

/* Begin PBXGroup section */
		3482C59E287CE9280071AB0C /* Views */ = {
			isa = PBXGroup;
			children = (
				348A568F287A244700B37DB3 /* TransactionTableViewCell.xib */,
				348A565C2879919100B37DB3 /* LaunchScreen.storyboard */,
				348A56572879918E00B37DB3 /* Main.storyboard */,
				348A5691287A245F00B37DB3 /* TransactionTableViewCell.swift */,
			);
			path = Views;
			sourceTree = "<group>";
		};
		3482C59F287CE94D0071AB0C /* ViewModel */ = {
			isa = PBXGroup;
			children = (
				348A568D287A218100B37DB3 /* APITransactionViewModel.swift */,
			);
			path = ViewModel;
			sourceTree = "<group>";
		};
		3482C5A0287CE9860071AB0C /* Utils */ = {
			isa = PBXGroup;
			children = (
				348A5685287A1EC300B37DB3 /* Constant.swift */,
			);
			path = Utils;
			sourceTree = "<group>";
		};
		3482C5A1287CE9BE0071AB0C /* Services */ = {
			isa = PBXGroup;
			children = (
				3482C5A2287CE9D80071AB0C /* Models */,
				3482C5A4287CE9F70071AB0C /* Manager */,
			);
			path = Services;
			sourceTree = "<group>";
		};
		3482C5A2287CE9D80071AB0C /* Models */ = {
			isa = PBXGroup;
			children = (
				348A56812879936E00B37DB3 /* Model.swift */,
			);
			path = Models;
			sourceTree = "<group>";
		};
		3482C5A3287CE9E50071AB0C /* HTTPMethos */ = {
			isa = PBXGroup;
			children = (
				348A5689287A201900B37DB3 /* HTTPEroor.swift */,
			);
			path = HTTPMethos;
			sourceTree = "<group>";
		};
		3482C5A4287CE9F70071AB0C /* Manager */ = {
			isa = PBXGroup;
			children = (
				3482C5A3287CE9E50071AB0C /* HTTPMethos */,
				348A5687287A1FAA00B37DB3 /* ServiceManager.swift */,
				348A568B287A20A200B37DB3 /* APIManager.swift */,
			);
			path = Manager;
			sourceTree = "<group>";
		};
		3482C5A5287CEA760071AB0C /* Extension */ = {
			isa = PBXGroup;
			children = (
				348A5693287A2AB400B37DB3 /* UITableView+Extension.swift */,
			);
			path = Extension;
			sourceTree = "<group>";
		};
		3482C5A6287CEACE0071AB0C /* Base */ = {
			isa = PBXGroup;
			children = (
				348A56832879943800B37DB3 /* APICallViewModel.swift */,
			);
			path = Base;
			sourceTree = "<group>";
		};
		3482C5A7287CEAD60071AB0C /* ViewController */ = {
			isa = PBXGroup;
			children = (
				348A56552879918E00B37DB3 /* HomeViewController.swift */,
			);
			path = ViewController;
			sourceTree = "<group>";
		};
		348A56452879918E00B37DB3 = {
			isa = PBXGroup;
			children = (
				348A56502879918E00B37DB3 /* APICallSampleTest */,
				348A56672879919100B37DB3 /* APICallSampleTestTests */,
				348A56712879919100B37DB3 /* APICallSampleTestUITests */,
				348A564F2879918E00B37DB3 /* Products */,
			);
			sourceTree = "<group>";
		};
		348A564F2879918E00B37DB3 /* Products */ = {
			isa = PBXGroup;
			children = (
				348A564E2879918E00B37DB3 /* APICallSampleTest.app */,
				348A56642879919100B37DB3 /* APICallSampleTestTests.xctest */,
				348A566E2879919100B37DB3 /* APICallSampleTestUITests.xctest */,
			);
			name = Products;
			sourceTree = "<group>";
		};
		348A56502879918E00B37DB3 /* APICallSampleTest */ = {
			isa = PBXGroup;
			children = (
				348A56512879918E00B37DB3 /* AppDelegate.swift */,
				348A56532879918E00B37DB3 /* SceneDelegate.swift */,
				3482C5A7287CEAD60071AB0C /* ViewController */,
				3482C5A6287CEACE0071AB0C /* Base */,
				348A565A2879919100B37DB3 /* Assets.xcassets */,
				348A565F2879919100B37DB3 /* Info.plist */,
				3482C5A5287CEA760071AB0C /* Extension */,
				3482C5A0287CE9860071AB0C /* Utils */,
				3482C5A1287CE9BE0071AB0C /* Services */,
				3482C59F287CE94D0071AB0C /* ViewModel */,
				3482C59E287CE9280071AB0C /* Views */,
			);
			path = APICallSampleTest;
			sourceTree = "<group>";
		};
		348A56672879919100B37DB3 /* APICallSampleTestTests */ = {
			isa = PBXGroup;
			children = (
				348A56682879919100B37DB3 /* APICallSampleTestTests.swift */,
			);
			path = APICallSampleTestTests;
			sourceTree = "<group>";
		};
		348A56712879919100B37DB3 /* APICallSampleTestUITests */ = {
			isa = PBXGroup;
			children = (
				348A56722879919100B37DB3 /* APICallSampleTestUITests.swift */,
				348A56742879919100B37DB3 /* APICallSampleTestUITestsLaunchTests.swift */,
			);
			path = APICallSampleTestUITests;
			sourceTree = "<group>";
		};
/* End PBXGroup section */

/* Begin PBXNativeTarget section */
		348A564D2879918E00B37DB3 /* APICallSampleTest */ = {
			isa = PBXNativeTarget;
			buildConfigurationList = 348A56782879919100B37DB3 /* Build configuration list for PBXNativeTarget "APICallSampleTest" */;
			buildPhases = (
				348A564A2879918E00B37DB3 /* Sources */,
				348A564B2879918E00B37DB3 /* Frameworks */,
				348A564C2879918E00B37DB3 /* Resources */,
			);
			buildRules = (
			);
			dependencies = (
			);
			name = APICallSampleTest;
			productName = APICallSampleTest;
			productReference = 348A564E2879918E00B37DB3 /* APICallSampleTest.app */;
			productType = "com.apple.product-type.application";
		};
		348A56632879919100B37DB3 /* APICallSampleTestTests */ = {
			isa = PBXNativeTarget;
			buildConfigurationList = 348A567B2879919100B37DB3 /* Build configuration list for PBXNativeTarget "APICallSampleTestTests" */;
			buildPhases = (
				348A56602879919100B37DB3 /* Sources */,
				348A56612879919100B37DB3 /* Frameworks */,
				348A56622879919100B37DB3 /* Resources */,
			);
			buildRules = (
			);
			dependencies = (
				348A56662879919100B37DB3 /* PBXTargetDependency */,
			);
			name = APICallSampleTestTests;
			productName = APICallSampleTestTests;
			productReference = 348A56642879919100B37DB3 /* APICallSampleTestTests.xctest */;
			productType = "com.apple.product-type.bundle.unit-test";
		};
		348A566D2879919100B37DB3 /* APICallSampleTestUITests */ = {
			isa = PBXNativeTarget;
			buildConfigurationList = 348A567E2879919100B37DB3 /* Build configuration list for PBXNativeTarget "APICallSampleTestUITests" */;
			buildPhases = (
				348A566A2879919100B37DB3 /* Sources */,
				348A566B2879919100B37DB3 /* Frameworks */,
				348A566C2879919100B37DB3 /* Resources */,
			);
			buildRules = (
			);
			dependencies = (
				348A56702879919100B37DB3 /* PBXTargetDependency */,
			);
			name = APICallSampleTestUITests;
			productName = APICallSampleTestUITests;
			productReference = 348A566E2879919100B37DB3 /* APICallSampleTestUITests.xctest */;
			productType = "com.apple.product-type.bundle.ui-testing";
		};
/* End PBXNativeTarget section */

/* Begin PBXProject section */
		348A56462879918E00B37DB3 /* Project object */ = {
			isa = PBXProject;
			attributes = {
				BuildIndependentTargetsInParallel = 1;
				LastSwiftUpdateCheck = 1340;
				LastUpgradeCheck = 1340;
				TargetAttributes = {
					348A564D2879918E00B37DB3 = {
						CreatedOnToolsVersion = 13.4.1;
					};
					348A56632879919100B37DB3 = {
						CreatedOnToolsVersion = 13.4.1;
						TestTargetID = 348A564D2879918E00B37DB3;
					};
					348A566D2879919100B37DB3 = {
						CreatedOnToolsVersion = 13.4.1;
						TestTargetID = 348A564D2879918E00B37DB3;
					};
				};
			};
			buildConfigurationList = 348A56492879918E00B37DB3 /* Build configuration list for PBXProject "APICallSampleTest" */;
			compatibilityVersion = "Xcode 13.0";
			developmentRegion = en;
			hasScannedForEncodings = 0;
			knownRegions = (
				en,
				Base,
			);
			mainGroup = 348A56452879918E00B37DB3;
			productRefGroup = 348A564F2879918E00B37DB3 /* Products */;
			projectDirPath = "";
			projectRoot = "";
			targets = (
				348A564D2879918E00B37DB3 /* APICallSampleTest */,
				348A56632879919100B37DB3 /* APICallSampleTestTests */,
				348A566D2879919100B37DB3 /* APICallSampleTestUITests */,
			);
		};
/* End PBXProject section */

/* Begin PBXResourcesBuildPhase section */
		348A564C2879918E00B37DB3 /* Resources */ = {
			isa = PBXResourcesBuildPhase;
			buildActionMask = 2147483647;
			files = (
				348A565E2879919100B37DB3 /* LaunchScreen.storyboard in Resources */,
				348A565B2879919100B37DB3 /* Assets.xcassets in Resources */,
				348A5690287A244700B37DB3 /* TransactionTableViewCell.xib in Resources */,
				348A56592879918E00B37DB3 /* Main.storyboard in Resources */,
			);
			runOnlyForDeploymentPostprocessing = 0;
		};
		348A56622879919100B37DB3 /* Resources */ = {
			isa = PBXResourcesBuildPhase;
			buildActionMask = 2147483647;
			files = (
			);
			runOnlyForDeploymentPostprocessing = 0;
		};
		348A566C2879919100B37DB3 /* Resources */ = {
			isa = PBXResourcesBuildPhase;
			buildActionMask = 2147483647;
			files = (
			);
			runOnlyForDeploymentPostprocessing = 0;
		};
/* End PBXResourcesBuildPhase section */

/* Begin PBXSourcesBuildPhase section */
		348A564A2879918E00B37DB3 /* Sources */ = {
			isa = PBXSourcesBuildPhase;
			buildActionMask = 2147483647;
			files = (
				348A56562879918E00B37DB3 /* HomeViewController.swift in Sources */,
				348A5692287A245F00B37DB3 /* TransactionTableViewCell.swift in Sources */,
				348A568A287A201900B37DB3 /* HTTPEroor.swift in Sources */,
				348A5688287A1FAA00B37DB3 /* ServiceManager.swift in Sources */,
				348A568C287A20A200B37DB3 /* APIManager.swift in Sources */,
				348A56522879918E00B37DB3 /* AppDelegate.swift in Sources */,
				348A56542879918E00B37DB3 /* SceneDelegate.swift in Sources */,
				348A568E287A218100B37DB3 /* APITransactionViewModel.swift in Sources */,
				348A56822879936E00B37DB3 /* Model.swift in Sources */,
				348A56842879943800B37DB3 /* APICallViewModel.swift in Sources */,
				348A5686287A1EC300B37DB3 /* Constant.swift in Sources */,
				348A5694287A2AB400B37DB3 /* UITableView+Extension.swift in Sources */,
			);
			runOnlyForDeploymentPostprocessing = 0;
		};
		348A56602879919100B37DB3 /* Sources */ = {
			isa = PBXSourcesBuildPhase;
			buildActionMask = 2147483647;
			files = (
				348A56692879919100B37DB3 /* APICallSampleTestTests.swift in Sources */,
			);
			runOnlyForDeploymentPostprocessing = 0;
		};
		348A566A2879919100B37DB3 /* Sources */ = {
			isa = PBXSourcesBuildPhase;
			buildActionMask = 2147483647;
			files = (
				348A56732879919100B37DB3 /* APICallSampleTestUITests.swift in Sources */,
				348A56752879919100B37DB3 /* APICallSampleTestUITestsLaunchTests.swift in Sources */,
			);
			runOnlyForDeploymentPostprocessing = 0;
		};
/* End PBXSourcesBuildPhase section */

/* Begin PBXTargetDependency section */
		348A56662879919100B37DB3 /* PBXTargetDependency */ = {
			isa = PBXTargetDependency;
			target = 348A564D2879918E00B37DB3 /* APICallSampleTest */;
			targetProxy = 348A56652879919100B37DB3 /* PBXContainerItemProxy */;
		};
		348A56702879919100B37DB3 /* PBXTargetDependency */ = {
			isa = PBXTargetDependency;
			target = 348A564D2879918E00B37DB3 /* APICallSampleTest */;
			targetProxy = 348A566F2879919100B37DB3 /* PBXContainerItemProxy */;
		};
/* End PBXTargetDependency section */

/* Begin PBXVariantGroup section */
		348A56572879918E00B37DB3 /* Main.storyboard */ = {
			isa = PBXVariantGroup;
			children = (
				348A56582879918E00B37DB3 /* Base */,
			);
			name = Main.storyboard;
			sourceTree = "<group>";
		};
		348A565C2879919100B37DB3 /* LaunchScreen.storyboard */ = {
			isa = PBXVariantGroup;
			children = (
				348A565D2879919100B37DB3 /* Base */,
			);
			name = LaunchScreen.storyboard;
			sourceTree = "<group>";
		};
/* End PBXVariantGroup section */

/* Begin XCBuildConfiguration section */
		348A56762879919100B37DB3 /* Debug */ = {
			isa = XCBuildConfiguration;
			buildSettings = {
				ALWAYS_SEARCH_USER_PATHS = NO;
				CLANG_ANALYZER_NONNULL = YES;
				CLANG_ANALYZER_NUMBER_OBJECT_CONVERSION = YES_AGGRESSIVE;
				CLANG_CXX_LANGUAGE_STANDARD = "gnu++17";
				CLANG_ENABLE_MODULES = YES;
				CLANG_ENABLE_OBJC_ARC = YES;
				CLANG_ENABLE_OBJC_WEAK = YES;
				CLANG_WARN_BLOCK_CAPTURE_AUTORELEASING = YES;
				CLANG_WARN_BOOL_CONVERSION = YES;
				CLANG_WARN_COMMA = YES;
				CLANG_WARN_CONSTANT_CONVERSION = YES;
				CLANG_WARN_DEPRECATED_OBJC_IMPLEMENTATIONS = YES;
				CLANG_WARN_DIRECT_OBJC_ISA_USAGE = YES_ERROR;
				CLANG_WARN_DOCUMENTATION_COMMENTS = YES;
				CLANG_WARN_EMPTY_BODY = YES;
				CLANG_WARN_ENUM_CONVERSION = YES;
				CLANG_WARN_INFINITE_RECURSION = YES;
				CLANG_WARN_INT_CONVERSION = YES;
				CLANG_WARN_NON_LITERAL_NULL_CONVERSION = YES;
				CLANG_WARN_OBJC_IMPLICIT_RETAIN_SELF = YES;
				CLANG_WARN_OBJC_LITERAL_CONVERSION = YES;
				CLANG_WARN_OBJC_ROOT_CLASS = YES_ERROR;
				CLANG_WARN_QUOTED_INCLUDE_IN_FRAMEWORK_HEADER = YES;
				CLANG_WARN_RANGE_LOOP_ANALYSIS = YES;
				CLANG_WARN_STRICT_PROTOTYPES = YES;
				CLANG_WARN_SUSPICIOUS_MOVE = YES;
				CLANG_WARN_UNGUARDED_AVAILABILITY = YES_AGGRESSIVE;
				CLANG_WARN_UNREACHABLE_CODE = YES;
				CLANG_WARN__DUPLICATE_METHOD_MATCH = YES;
				COPY_PHASE_STRIP = NO;
				DEBUG_INFORMATION_FORMAT = dwarf;
				ENABLE_STRICT_OBJC_MSGSEND = YES;
				ENABLE_TESTABILITY = YES;
				GCC_C_LANGUAGE_STANDARD = gnu11;
				GCC_DYNAMIC_NO_PIC = NO;
				GCC_NO_COMMON_BLOCKS = YES;
				GCC_OPTIMIZATION_LEVEL = 0;
				GCC_PREPROCESSOR_DEFINITIONS = (
					"DEBUG=1",
					"$(inherited)",
				);
				GCC_WARN_64_TO_32_BIT_CONVERSION = YES;
				GCC_WARN_ABOUT_RETURN_TYPE = YES_ERROR;
				GCC_WARN_UNDECLARED_SELECTOR = YES;
				GCC_WARN_UNINITIALIZED_AUTOS = YES_AGGRESSIVE;
				GCC_WARN_UNUSED_FUNCTION = YES;
				GCC_WARN_UNUSED_VARIABLE = YES;
				IPHONEOS_DEPLOYMENT_TARGET = 15.5;
				MTL_ENABLE_DEBUG_INFO = INCLUDE_SOURCE;
				MTL_FAST_MATH = YES;
				ONLY_ACTIVE_ARCH = YES;
				SDKROOT = iphoneos;
				SWIFT_ACTIVE_COMPILATION_CONDITIONS = DEBUG;
				SWIFT_OPTIMIZATION_LEVEL = "-Onone";
			};
			name = Debug;
		};
		348A56772879919100B37DB3 /* Release */ = {
			isa = XCBuildConfiguration;
			buildSettings = {
				ALWAYS_SEARCH_USER_PATHS = NO;
				CLANG_ANALYZER_NONNULL = YES;
				CLANG_ANALYZER_NUMBER_OBJECT_CONVERSION = YES_AGGRESSIVE;
				CLANG_CXX_LANGUAGE_STANDARD = "gnu++17";
				CLANG_ENABLE_MODULES = YES;
				CLANG_ENABLE_OBJC_ARC = YES;
				CLANG_ENABLE_OBJC_WEAK = YES;
				CLANG_WARN_BLOCK_CAPTURE_AUTORELEASING = YES;
				CLANG_WARN_BOOL_CONVERSION = YES;
				CLANG_WARN_COMMA = YES;
				CLANG_WARN_CONSTANT_CONVERSION = YES;
				CLANG_WARN_DEPRECATED_OBJC_IMPLEMENTATIONS = YES;
				CLANG_WARN_DIRECT_OBJC_ISA_USAGE = YES_ERROR;
				CLANG_WARN_DOCUMENTATION_COMMENTS = YES;
				CLANG_WARN_EMPTY_BODY = YES;
				CLANG_WARN_ENUM_CONVERSION = YES;
				CLANG_WARN_INFINITE_RECURSION = YES;
				CLANG_WARN_INT_CONVERSION = YES;
				CLANG_WARN_NON_LITERAL_NULL_CONVERSION = YES;
				CLANG_WARN_OBJC_IMPLICIT_RETAIN_SELF = YES;
				CLANG_WARN_OBJC_LITERAL_CONVERSION = YES;
				CLANG_WARN_OBJC_ROOT_CLASS = YES_ERROR;
				CLANG_WARN_QUOTED_INCLUDE_IN_FRAMEWORK_HEADER = YES;
				CLANG_WARN_RANGE_LOOP_ANALYSIS = YES;
				CLANG_WARN_STRICT_PROTOTYPES = YES;
				CLANG_WARN_SUSPICIOUS_MOVE = YES;
				CLANG_WARN_UNGUARDED_AVAILABILITY = YES_AGGRESSIVE;
				CLANG_WARN_UNREACHABLE_CODE = YES;
				CLANG_WARN__DUPLICATE_METHOD_MATCH = YES;
				COPY_PHASE_STRIP = NO;
				DEBUG_INFORMATION_FORMAT = "dwarf-with-dsym";
				ENABLE_NS_ASSERTIONS = NO;
				ENABLE_STRICT_OBJC_MSGSEND = YES;
				GCC_C_LANGUAGE_STANDARD = gnu11;
				GCC_NO_COMMON_BLOCKS = YES;
				GCC_WARN_64_TO_32_BIT_CONVERSION = YES;
				GCC_WARN_ABOUT_RETURN_TYPE = YES_ERROR;
				GCC_WARN_UNDECLARED_SELECTOR = YES;
				GCC_WARN_UNINITIALIZED_AUTOS = YES_AGGRESSIVE;
				GCC_WARN_UNUSED_FUNCTION = YES;
				GCC_WARN_UNUSED_VARIABLE = YES;
				IPHONEOS_DEPLOYMENT_TARGET = 15.5;
				MTL_ENABLE_DEBUG_INFO = NO;
				MTL_FAST_MATH = YES;
				SDKROOT = iphoneos;
				SWIFT_COMPILATION_MODE = wholemodule;
				SWIFT_OPTIMIZATION_LEVEL = "-O";
				VALIDATE_PRODUCT = YES;
			};
			name = Release;
		};
		348A56792879919100B37DB3 /* Debug */ = {
			isa = XCBuildConfiguration;
			buildSettings = {
				ASSETCATALOG_COMPILER_APPICON_NAME = AppIcon;
				ASSETCATALOG_COMPILER_GLOBAL_ACCENT_COLOR_NAME = AccentColor;
				CODE_SIGN_STYLE = Automatic;
				CURRENT_PROJECT_VERSION = 1;
				DEVELOPMENT_TEAM = 86DB6R3FB5;
				GENERATE_INFOPLIST_FILE = YES;
				INFOPLIST_FILE = APICallSampleTest/Info.plist;
				INFOPLIST_KEY_UIApplicationSupportsIndirectInputEvents = YES;
				INFOPLIST_KEY_UILaunchStoryboardName = LaunchScreen;
				INFOPLIST_KEY_UIMainStoryboardFile = Main;
				INFOPLIST_KEY_UISupportedInterfaceOrientations_iPad = "UIInterfaceOrientationPortrait UIInterfaceOrientationPortraitUpsideDown UIInterfaceOrientationLandscapeLeft UIInterfaceOrientationLandscapeRight";
				INFOPLIST_KEY_UISupportedInterfaceOrientations_iPhone = "UIInterfaceOrientationPortrait UIInterfaceOrientationLandscapeLeft UIInterfaceOrientationLandscapeRight";
				LD_RUNPATH_SEARCH_PATHS = (
					"$(inherited)",
					"@executable_path/Frameworks",
				);
				MARKETING_VERSION = 1.0;
				PRODUCT_BUNDLE_IDENTIFIER = com.ank.APICallSampleTest;
				PRODUCT_NAME = "$(TARGET_NAME)";
				SWIFT_EMIT_LOC_STRINGS = YES;
				SWIFT_VERSION = 5.0;
				TARGETED_DEVICE_FAMILY = "1,2";
			};
			name = Debug;
		};
		348A567A2879919100B37DB3 /* Release */ = {
			isa = XCBuildConfiguration;
			buildSettings = {
				ASSETCATALOG_COMPILER_APPICON_NAME = AppIcon;
				ASSETCATALOG_COMPILER_GLOBAL_ACCENT_COLOR_NAME = AccentColor;
				CODE_SIGN_STYLE = Automatic;
				CURRENT_PROJECT_VERSION = 1;
				DEVELOPMENT_TEAM = 86DB6R3FB5;
				GENERATE_INFOPLIST_FILE = YES;
				INFOPLIST_FILE = APICallSampleTest/Info.plist;
				INFOPLIST_KEY_UIApplicationSupportsIndirectInputEvents = YES;
				INFOPLIST_KEY_UILaunchStoryboardName = LaunchScreen;
				INFOPLIST_KEY_UIMainStoryboardFile = Main;
				INFOPLIST_KEY_UISupportedInterfaceOrientations_iPad = "UIInterfaceOrientationPortrait UIInterfaceOrientationPortraitUpsideDown UIInterfaceOrientationLandscapeLeft UIInterfaceOrientationLandscapeRight";
				INFOPLIST_KEY_UISupportedInterfaceOrientations_iPhone = "UIInterfaceOrientationPortrait UIInterfaceOrientationLandscapeLeft UIInterfaceOrientationLandscapeRight";
				LD_RUNPATH_SEARCH_PATHS = (
					"$(inherited)",
					"@executable_path/Frameworks",
				);
				MARKETING_VERSION = 1.0;
				PRODUCT_BUNDLE_IDENTIFIER = com.ank.APICallSampleTest;
				PRODUCT_NAME = "$(TARGET_NAME)";
				SWIFT_EMIT_LOC_STRINGS = YES;
				SWIFT_VERSION = 5.0;
				TARGETED_DEVICE_FAMILY = "1,2";
			};
			name = Release;
		};
		348A567C2879919100B37DB3 /* Debug */ = {
			isa = XCBuildConfiguration;
			buildSettings = {
				ALWAYS_EMBED_SWIFT_STANDARD_LIBRARIES = YES;
				BUNDLE_LOADER = "$(TEST_HOST)";
				CODE_SIGN_STYLE = Automatic;
				CURRENT_PROJECT_VERSION = 1;
				DEVELOPMENT_TEAM = 86DB6R3FB5;
				GENERATE_INFOPLIST_FILE = YES;
				IPHONEOS_DEPLOYMENT_TARGET = 15.5;
				MARKETING_VERSION = 1.0;
				PRODUCT_BUNDLE_IDENTIFIER = com.ank.APICallSampleTestTests;
				PRODUCT_NAME = "$(TARGET_NAME)";
				SWIFT_EMIT_LOC_STRINGS = NO;
				SWIFT_VERSION = 5.0;
				TARGETED_DEVICE_FAMILY = "1,2";
				TEST_HOST = "$(BUILT_PRODUCTS_DIR)/APICallSampleTest.app/APICallSampleTest";
			};
			name = Debug;
		};
		348A567D2879919100B37DB3 /* Release */ = {
			isa = XCBuildConfiguration;
			buildSettings = {
				ALWAYS_EMBED_SWIFT_STANDARD_LIBRARIES = YES;
				BUNDLE_LOADER = "$(TEST_HOST)";
				CODE_SIGN_STYLE = Automatic;
				CURRENT_PROJECT_VERSION = 1;
				DEVELOPMENT_TEAM = 86DB6R3FB5;
				GENERATE_INFOPLIST_FILE = YES;
				IPHONEOS_DEPLOYMENT_TARGET = 15.5;
				MARKETING_VERSION = 1.0;
				PRODUCT_BUNDLE_IDENTIFIER = com.ank.APICallSampleTestTests;
				PRODUCT_NAME = "$(TARGET_NAME)";
				SWIFT_EMIT_LOC_STRINGS = NO;
				SWIFT_VERSION = 5.0;
				TARGETED_DEVICE_FAMILY = "1,2";
				TEST_HOST = "$(BUILT_PRODUCTS_DIR)/APICallSampleTest.app/APICallSampleTest";
			};
			name = Release;
		};
		348A567F2879919100B37DB3 /* Debug */ = {
			isa = XCBuildConfiguration;
			buildSettings = {
				ALWAYS_EMBED_SWIFT_STANDARD_LIBRARIES = YES;
				CODE_SIGN_STYLE = Automatic;
				CURRENT_PROJECT_VERSION = 1;
				DEVELOPMENT_TEAM = 86DB6R3FB5;
				GENERATE_INFOPLIST_FILE = YES;
				MARKETING_VERSION = 1.0;
				PRODUCT_BUNDLE_IDENTIFIER = com.ank.APICallSampleTestUITests;
				PRODUCT_NAME = "$(TARGET_NAME)";
				SWIFT_EMIT_LOC_STRINGS = NO;
				SWIFT_VERSION = 5.0;
				TARGETED_DEVICE_FAMILY = "1,2";
				TEST_TARGET_NAME = APICallSampleTest;
			};
			name = Debug;
		};
		348A56802879919100B37DB3 /* Release */ = {
			isa = XCBuildConfiguration;
			buildSettings = {
				ALWAYS_EMBED_SWIFT_STANDARD_LIBRARIES = YES;
				CODE_SIGN_STYLE = Automatic;
				CURRENT_PROJECT_VERSION = 1;
				DEVELOPMENT_TEAM = 86DB6R3FB5;
				GENERATE_INFOPLIST_FILE = YES;
				MARKETING_VERSION = 1.0;
				PRODUCT_BUNDLE_IDENTIFIER = com.ank.APICallSampleTestUITests;
				PRODUCT_NAME = "$(TARGET_NAME)";
				SWIFT_EMIT_LOC_STRINGS = NO;
				SWIFT_VERSION = 5.0;
				TARGETED_DEVICE_FAMILY = "1,2";
				TEST_TARGET_NAME = APICallSampleTest;
			};
			name = Release;
		};
/* End XCBuildConfiguration section */

/* Begin XCConfigurationList section */
		348A56492879918E00B37DB3 /* Build configuration list for PBXProject "APICallSampleTest" */ = {
			isa = XCConfigurationList;
			buildConfigurations = (
				348A56762879919100B37DB3 /* Debug */,
				348A56772879919100B37DB3 /* Release */,
			);
			defaultConfigurationIsVisible = 0;
			defaultConfigurationName = Release;
		};
		348A56782879919100B37DB3 /* Build configuration list for PBXNativeTarget "APICallSampleTest" */ = {
			isa = XCConfigurationList;
			buildConfigurations = (
				348A56792879919100B37DB3 /* Debug */,
				348A567A2879919100B37DB3 /* Release */,
			);
			defaultConfigurationIsVisible = 0;
			defaultConfigurationName = Release;
		};
		348A567B2879919100B37DB3 /* Build configuration list for PBXNativeTarget "APICallSampleTestTests" */ = {
			isa = XCConfigurationList;
			buildConfigurations = (
				348A567C2879919100B37DB3 /* Debug */,
				348A567D2879919100B37DB3 /* Release */,
			);
			defaultConfigurationIsVisible = 0;
			defaultConfigurationName = Release;
		};
		348A567E2879919100B37DB3 /* Build configuration list for PBXNativeTarget "APICallSampleTestUITests" */ = {
			isa = XCConfigurationList;
			buildConfigurations = (
				348A567F2879919100B37DB3 /* Debug */,
				348A56802879919100B37DB3 /* Release */,
			);
			defaultConfigurationIsVisible = 0;
			defaultConfigurationName = Release;
		};
/* End XCConfigurationList section */
	};
	rootObject = 348A56462879918E00B37DB3 /* Project object */;
}
